
Microsoft Visual Studio Solution File, Format Version 12.00
# Visual Studio Version 17
VisualStudioVersion = 17.8.34511.84
MinimumVisualStudioVersion = 10.0.40219.1
Project("{9A19103F-16F7-4668-BE54-9A1E7A4F7556}") = "BookStoreMVC", "BookStoreMVC.csproj", "{628EA58C-E9FD-461F-B40F-A470C96A1151}"
EndProject
Project("{9A19103F-16F7-4668-BE54-9A1E7A4F7556}") = "BookStoreMVC.DataAccess", "..\Bulky.DataAccess\BookStoreMVC.DataAccess.csproj", "{0C3818C6-27ED-45CC-AB97-707E7E4B79C0}"
EndProject
Project("{9A19103F-16F7-4668-BE54-9A1E7A4F7556}") = "BookStoreMVC.Models", "..\Bulky.Models\BookStoreMVC.Models.csproj", "{854E6290-7047-47DA-B311-C590F04CA4E0}"
EndProject
Project("{9A19103F-16F7-4668-BE54-9A1E7A4F7556}") = "BookStoreMVC.Utility", "..\Bulky.Utility\BookStoreMVC.Utility.csproj", "{75027D8F-0E5F-4992-8A7E-0A43674F59FF}"
EndProject
Global
	GlobalSection(SolutionConfigurationPlatforms) = preSolution
		Debug|Any CPU = Debug|Any CPU
		Release|Any CPU = Release|Any CPU
	EndGlobalSection
	GlobalSection(ProjectConfigurationPlatforms) = postSolution
		{628EA58C-E9FD-461F-B40F-A470C96A1151}.Debug|Any CPU.ActiveCfg = Debug|Any CPU
		{628EA58C-E9FD-461F-B40F-A470C96A1151}.Debug|Any CPU.Build.0 = Debug|Any CPU
		{628EA58C-E9FD-461F-B40F-A470C96A1151}.Release|Any CPU.ActiveCfg = Release|Any CPU
		{628EA58C-E9FD-461F-B40F-A470C96A1151}.Release|Any CPU.Build.0 = Release|Any CPU
		{0C3818C6-27ED-45CC-AB97-707E7E4B79C0}.Debug|Any CPU.ActiveCfg = Debug|Any CPU
		{0C3818C6-27ED-45CC-AB97-707E7E4B79C0}.Debug|Any CPU.Build.0 = Debug|Any CPU
		{0C3818C6-27ED-45CC-AB97-707E7E4B79C0}.Release|Any CPU.ActiveCfg = Release|Any CPU
		{0C3818C6-27ED-45CC-AB97-707E7E4B79C0}.Release|Any CPU.Build.0 = Release|Any CPU
		{854E6290-7047-47DA-B311-C590F04CA4E0}.Debug|Any CPU.ActiveCfg = Debug|Any CPU
		{854E6290-7047-47DA-B311-C590F04CA4E0}.Debug|Any CPU.Build.0 = Debug|Any CPU
		{854E6290-7047-47DA-B311-C590F04CA4E0}.Release|Any CPU.ActiveCfg = Release|Any CPU
		{854E6290-7047-47DA-B311-C590F04CA4E0}.Release|Any CPU.Build.0 = Release|Any CPU
		{75027D8F-0E5F-4992-8A7E-0A43674F59FF}.Debug|Any CPU.ActiveCfg = Debug|Any CPU
		{75027D8F-0E5F-4992-8A7E-0A43674F59FF}.Debug|Any CPU.Build.0 = Debug|Any CPU
		{75027D8F-0E5F-4992-8A7E-0A43674F59FF}.Release|Any CPU.ActiveCfg = Release|Any CPU
		{75027D8F-0E5F-4992-8A7E-0A43674F59FF}.Release|Any CPU.Build.0 = Release|Any CPU
	EndGlobalSection
	GlobalSection(SolutionProperties) = preSolution
		HideSolutionNode = FALSE
	EndGlobalSection
	GlobalSection(ExtensibilityGlobals) = postSolution
		SolutionGuid = {B868F6EE-9C33-42B3-B53A-504CBFE378F4}
	EndGlobalSection
EndGlobal
