
Microsoft Visual Studio Solution File, Format Version 12.00
# Visual Studio Version 17
VisualStudioVersion = 17.8.34511.84
MinimumVisualStudioVersion = 10.0.40219.1
Project("{9A19103F-16F7-4668-BE54-9A1E7A4F7556}") = "BookStoreMVC", "BookStoreMVC.csproj", "{628EA58C-E9FD-461F-B40F-A470C96A1151}"
EndProject
Project("{9A19103F-16F7-4668-BE54-9A1E7A4F7556}") = "BookStoreMVC.DataAccess", "..\BookStoreMVC.DataAccess\BookStoreMVC.DataAccess.csproj", "{1EAD04D6-7E27-46A3-95E9-5B7FA1EC68F7}"
EndProject
Project("{9A19103F-16F7-4668-BE54-9A1E7A4F7556}") = "BookStoreMVC.Models", "..\BookStoreMVC.Models\BookStoreMVC.Models.csproj", "{FFCAE2DF-2ED9-4EF3-A571-6D673F28D41A}"
EndProject
Project("{9A19103F-16F7-4668-BE54-9A1E7A4F7556}") = "BookStoreMVC.Utility", "..\BookStoreMVC.Utility\BookStoreMVC.Utility.csproj", "{24284BAB-3785-487A-B621-85C11AE2ABB6}"
EndProject
Global
	GlobalSection(SolutionConfigurationPlatforms) = preSolution
		Debug|Any CPU = Debug|Any CPU
		Release|Any CPU = Release|Any CPU
	EndGlobalSection
	GlobalSection(ProjectConfigurationPlatforms) = postSolution
		{628EA58C-E9FD-461F-B40F-A470C96A1151}.Debug|Any CPU.ActiveCfg = Debug|Any CPU
		{628EA58C-E9FD-461F-B40F-A470C96A1151}.Debug|Any CPU.Build.0 = Debug|Any CPU
		{628EA58C-E9FD-461F-B40F-A470C96A1151}.Release|Any CPU.ActiveCfg = Release|Any CPU
		{628EA58C-E9FD-461F-B40F-A470C96A1151}.Release|Any CPU.Build.0 = Release|Any CPU
		{1EAD04D6-7E27-46A3-95E9-5B7FA1EC68F7}.Debug|Any CPU.ActiveCfg = Debug|Any CPU
		{1EAD04D6-7E27-46A3-95E9-5B7FA1EC68F7}.Debug|Any CPU.Build.0 = Debug|Any CPU
		{1EAD04D6-7E27-46A3-95E9-5B7FA1EC68F7}.Release|Any CPU.ActiveCfg = Release|Any CPU
		{1EAD04D6-7E27-46A3-95E9-5B7FA1EC68F7}.Release|Any CPU.Build.0 = Release|Any CPU
		{FFCAE2DF-2ED9-4EF3-A571-6D673F28D41A}.Debug|Any CPU.ActiveCfg = Debug|Any CPU
		{FFCAE2DF-2ED9-4EF3-A571-6D673F28D41A}.Debug|Any CPU.Build.0 = Debug|Any CPU
		{FFCAE2DF-2ED9-4EF3-A571-6D673F28D41A}.Release|Any CPU.ActiveCfg = Release|Any CPU
		{FFCAE2DF-2ED9-4EF3-A571-6D673F28D41A}.Release|Any CPU.Build.0 = Release|Any CPU
		{24284BAB-3785-487A-B621-85C11AE2ABB6}.Debug|Any CPU.ActiveCfg = Debug|Any CPU
		{24284BAB-3785-487A-B621-85C11AE2ABB6}.Debug|Any CPU.Build.0 = Debug|Any CPU
		{24284BAB-3785-487A-B621-85C11AE2ABB6}.Release|Any CPU.ActiveCfg = Release|Any CPU
		{24284BAB-3785-487A-B621-85C11AE2ABB6}.Release|Any CPU.Build.0 = Release|Any CPU
	EndGlobalSection
	GlobalSection(SolutionProperties) = preSolution
		HideSolutionNode = FALSE
	EndGlobalSection
	GlobalSection(ExtensibilityGlobals) = postSolution
		SolutionGuid = {B868F6EE-9C33-42B3-B53A-504CBFE378F4}
	EndGlobalSection
EndGlobal
